
Microsoft Visual Studio Solution File, Format Version 12.00
# Visual Studio Version 17
VisualStudioVersion = 17.3.32929.385
MinimumVisualStudioVersion = 10.0.40219.1
Project("{2150E333-8FDC-42A3-9474-1A3956D46DE8}") = "Repository Files", "Repository Files", "{06970F0A-54D8-4B28-ADEC-C9C672BCB93B}"
	ProjectSection(SolutionItems) = preProject
		.gitignore = .gitignore
		azure-pipelines.yml = azure-pipelines.yml
		Build.ps1 = Build.ps1
		CHANGELOG.md = CHANGELOG.md
		src\CommonAssemblyInfo.cs = src\CommonAssemblyInfo.cs
		src\Directory.Build.props = src\Directory.Build.props
		src\Directory.Build.targets = src\Directory.Build.targets
		LICENSE = LICENSE
		README.md = README.md
	EndProjectSection
EndProject
Project("{2150E333-8FDC-42A3-9474-1A3956D46DE8}") = "build.vs", "build.vs", "{A60613DA-9A84-417D-B737-40CC37FC47E3}"
	ProjectSection(SolutionItems) = preProject
		build.vs\.gitignore = build.vs\.gitignore
		build.vs\Build.psm1 = build.vs\Build.psm1
		build.vs\Clean.psm1 = build.vs\Clean.psm1
		build.vs\CombineOutputBinaries.psm1 = build.vs\CombineOutputBinaries.psm1
		build.vs\Configuration.psm1 = build.vs\Configuration.psm1
		build.vs\CopyFilesFromListToFolder.psm1 = build.vs\CopyFilesFromListToFolder.psm1
		build.vs\CopyToReleaseFolder.psm1 = build.vs\CopyToReleaseFolder.psm1
		build.vs\Directory.Build.Cpp.props = build.vs\Directory.Build.Cpp.props
		build.vs\Directory.Build.Cpp.targets = build.vs\Directory.Build.Cpp.targets
		build.vs\Directory.Build.Cs.props = build.vs\Directory.Build.Cs.props
		build.vs\Directory.Build.Cs.targets = build.vs\Directory.Build.Cs.targets
		build.vs\Directory.Build.props = build.vs\Directory.Build.props
		build.vs\Directory.Build.targets = build.vs\Directory.Build.targets
		build.vs\GitVersion.psm1 = build.vs\GitVersion.psm1
		build.vs\GitVersion.yml = build.vs\GitVersion.yml
		build.vs\Helper.psm1 = build.vs\Helper.psm1
		build.vs\LICENSE = build.vs\LICENSE
		build.vs\LicenseCollector.psm1 = build.vs\LicenseCollector.psm1
		build.vs\NuGet.msbuild = build.vs\NuGet.msbuild
		build.vs\PackNuGet.psm1 = build.vs\PackNuGet.psm1
		build.vs\PreBuildWizard.psm1 = build.vs\PreBuildWizard.psm1
		build.vs\PublishNuGet.psm1 = build.vs\PublishNuGet.psm1
		build.vs\README.md = build.vs\README.md
		build.vs\ReSharper.DotSettings = build.vs\ReSharper.DotSettings
		build.vs\RestoreNuGet.psm1 = build.vs\RestoreNuGet.psm1
		build.vs\UpdateOutputFileList.psm1 = build.vs\UpdateOutputFileList.psm1
	EndProjectSection
EndProject
Project("{2150E333-8FDC-42A3-9474-1A3956D46DE8}") = "azure-pipelines", "azure-pipelines", "{4A957793-E9E3-407E-91EC-D18C6D63DB51}"
	ProjectSection(SolutionItems) = preProject
		build.vs\azure-pipelines\ci-csharp-netstandard20-with-deployment-on-tag.yml = build.vs\azure-pipelines\ci-csharp-netstandard20-with-deployment-on-tag.yml
	EndProjectSection
EndProject
Project("{9A19103F-16F7-4668-BE54-9A1E7A4F7556}") = "GriffinPlus.Lib.S3Server", "src\GriffinPlus.Lib.S3Server\GriffinPlus.Lib.S3Server.csproj", "{E3E9CA69-F4D0-400D-88AE-629DE3FC9979}"
EndProject
Project("{9A19103F-16F7-4668-BE54-9A1E7A4F7556}") = "GriffinPlus.Lib.S3Server.Tests", "src\GriffinPlus.Lib.S3Server.Tests\GriffinPlus.Lib.S3Server.Tests.csproj", "{E0DD6B0F-B5BA-4A13-992B-43FA05B1436B}"
EndProject
Global
	GlobalSection(SolutionConfigurationPlatforms) = preSolution
		Debug|Any CPU = Debug|Any CPU
		Release|Any CPU = Release|Any CPU
	EndGlobalSection
	GlobalSection(ProjectConfigurationPlatforms) = postSolution
		{E3E9CA69-F4D0-400D-88AE-629DE3FC9979}.Debug|Any CPU.ActiveCfg = Debug|Any CPU
		{E3E9CA69-F4D0-400D-88AE-629DE3FC9979}.Debug|Any CPU.Build.0 = Debug|Any CPU
		{E3E9CA69-F4D0-400D-88AE-629DE3FC9979}.Release|Any CPU.ActiveCfg = Release|Any CPU
		{E3E9CA69-F4D0-400D-88AE-629DE3FC9979}.Release|Any CPU.Build.0 = Release|Any CPU
		{E0DD6B0F-B5BA-4A13-992B-43FA05B1436B}.Debug|Any CPU.ActiveCfg = Debug|Any CPU
		{E0DD6B0F-B5BA-4A13-992B-43FA05B1436B}.Debug|Any CPU.Build.0 = Debug|Any CPU
		{E0DD6B0F-B5BA-4A13-992B-43FA05B1436B}.Release|Any CPU.ActiveCfg = Release|Any CPU
		{E0DD6B0F-B5BA-4A13-992B-43FA05B1436B}.Release|Any CPU.Build.0 = Release|Any CPU
	EndGlobalSection
	GlobalSection(SolutionProperties) = preSolution
		HideSolutionNode = FALSE
	EndGlobalSection
	GlobalSection(NestedProjects) = preSolution
		{4A957793-E9E3-407E-91EC-D18C6D63DB51} = {A60613DA-9A84-417D-B737-40CC37FC47E3}
	EndGlobalSection
	GlobalSection(ExtensibilityGlobals) = postSolution
		SolutionGuid = {144ED164-6EC1-42FC-912C-EB9C920DB329}
	EndGlobalSection
EndGlobal
